
Microsoft Visual Studio Solution File, Format Version 12.00
# Visual Studio Version 16
VisualStudioVersion = 16.0.31112.23
MinimumVisualStudioVersion = 10.0.40219.1
Project("{FAE04EC0-301F-11D3-BF4B-00C04F79EFBC}") = "AppWinform", "AppWinform\AppWinform.csproj", "{C71EC251-37DB-48E9-898E-61F5B5F068E8}"
EndProject
Global
	GlobalSection(SolutionConfigurationPlatforms) = preSolution
		Debug|Any CPU = Debug|Any CPU
		Release|Any CPU = Release|Any CPU
	EndGlobalSection
	GlobalSection(ProjectConfigurationPlatforms) = postSolution
		{C71EC251-37DB-48E9-898E-61F5B5F068E8}.Debug|Any CPU.ActiveCfg = Debug|Any CPU
		{C71EC251-37DB-48E9-898E-61F5B5F068E8}.Debug|Any CPU.Build.0 = Debug|Any CPU
		{C71EC251-37DB-48E9-898E-61F5B5F068E8}.Release|Any CPU.ActiveCfg = Release|Any CPU
		{C71EC251-37DB-48E9-898E-61F5B5F068E8}.Release|Any CPU.Build.0 = Release|Any CPU
	EndGlobalSection
	GlobalSection(SolutionProperties) = preSolution
		HideSolutionNode = FALSE
	EndGlobalSection
	GlobalSection(ExtensibilityGlobals) = postSolution
		SolutionGuid = {25CDF181-AA79-46A9-8763-9F44B41395ED}
	EndGlobalSection
EndGlobal
