
Microsoft Visual Studio Solution File, Format Version 12.00
# Visual Studio Version 16
VisualStudioVersion = 16.0.30804.86
MinimumVisualStudioVersion = 10.0.40219.1
Project("{FAE04EC0-301F-11D3-BF4B-00C04F79EFBC}") = "AppWinform", "AppWinform\AppWinform.csproj", "{5327C194-A581-462C-BCB2-7D3DC9C78D69}"
EndProject
Global
	GlobalSection(SolutionConfigurationPlatforms) = preSolution
		Debug|Any CPU = Debug|Any CPU
		Release|Any CPU = Release|Any CPU
	EndGlobalSection
	GlobalSection(ProjectConfigurationPlatforms) = postSolution
		{5327C194-A581-462C-BCB2-7D3DC9C78D69}.Debug|Any CPU.ActiveCfg = Debug|Any CPU
		{5327C194-A581-462C-BCB2-7D3DC9C78D69}.Debug|Any CPU.Build.0 = Debug|Any CPU
		{5327C194-A581-462C-BCB2-7D3DC9C78D69}.Release|Any CPU.ActiveCfg = Release|Any CPU
		{5327C194-A581-462C-BCB2-7D3DC9C78D69}.Release|Any CPU.Build.0 = Release|Any CPU
	EndGlobalSection
	GlobalSection(SolutionProperties) = preSolution
		HideSolutionNode = FALSE
	EndGlobalSection
	GlobalSection(ExtensibilityGlobals) = postSolution
		SolutionGuid = {678149F3-E8BF-4104-AE31-33EB11E6942C}
	EndGlobalSection
EndGlobal
